// !$*UTF8*$!
{
	archiveVersion = 1;
	classes = {
	};
	objectVersion = 51;
	objects = {

/* Begin PBXBuildFile section */
		2C1293DEEEC465C144DB7BF6 /* Pods_Delivery_TipR.framework in Frameworks */ = {isa = PBXBuildFile; fileRef = EA7AF071DE376A56B7F32136 /* Pods_Delivery_TipR.framework */; };
		2C7DA97A19361F0A89B09D80 /* Pods_Delivery_TipRTests.framework in Frameworks */ = {isa = PBXBuildFile; fileRef = 1874A103FC187C2E1841D4F8 /* Pods_Delivery_TipRTests.framework */; };
		903E2940240C6472001BED71 /* AppDelegate.swift in Sources */ = {isa = PBXBuildFile; fileRef = 903E293F240C6472001BED71 /* AppDelegate.swift */; };
		903E2942240C6472001BED71 /* SceneDelegate.swift in Sources */ = {isa = PBXBuildFile; fileRef = 903E2941240C6472001BED71 /* SceneDelegate.swift */; };
		903E2944240C6472001BED71 /* MapViewController.swift in Sources */ = {isa = PBXBuildFile; fileRef = 903E2943240C6472001BED71 /* MapViewController.swift */; };
		903E2947240C6472001BED71 /* Main.storyboard in Resources */ = {isa = PBXBuildFile; fileRef = 903E2945240C6472001BED71 /* Main.storyboard */; };
		903E294A240C6472001BED71 /* Delivery_TipR.xcdatamodeld in Sources */ = {isa = PBXBuildFile; fileRef = 903E2948240C6472001BED71 /* Delivery_TipR.xcdatamodeld */; };
		903E294C240C6475001BED71 /* Assets.xcassets in Resources */ = {isa = PBXBuildFile; fileRef = 903E294B240C6475001BED71 /* Assets.xcassets */; };
		903E294F240C6475001BED71 /* LaunchScreen.storyboard in Resources */ = {isa = PBXBuildFile; fileRef = 903E294D240C6475001BED71 /* LaunchScreen.storyboard */; };
		903E295A240C6475001BED71 /* Delivery_TipRTests.swift in Sources */ = {isa = PBXBuildFile; fileRef = 903E2959240C6475001BED71 /* Delivery_TipRTests.swift */; };
		903E296C240C7152001BED71 /* Location+CoreDataClass.swift in Sources */ = {isa = PBXBuildFile; fileRef = 903E2968240C7152001BED71 /* Location+CoreDataClass.swift */; };
		903E296D240C7152001BED71 /* Location+CoreDataProperties.swift in Sources */ = {isa = PBXBuildFile; fileRef = 903E2969240C7152001BED71 /* Location+CoreDataProperties.swift */; };
		903E296E240C7152001BED71 /* Delivery+CoreDataClass.swift in Sources */ = {isa = PBXBuildFile; fileRef = 903E296A240C7152001BED71 /* Delivery+CoreDataClass.swift */; };
		903E296F240C7152001BED71 /* Delivery+CoreDataProperties.swift in Sources */ = {isa = PBXBuildFile; fileRef = 903E296B240C7152001BED71 /* Delivery+CoreDataProperties.swift */; };
		903E2971240C7465001BED71 /* LocationController.swift in Sources */ = {isa = PBXBuildFile; fileRef = 903E2970240C7465001BED71 /* LocationController.swift */; };
		903E2974240C7660001BED71 /* ExtensionsAndUtilities.swift in Sources */ = {isa = PBXBuildFile; fileRef = 903E2973240C7660001BED71 /* ExtensionsAndUtilities.swift */; };
		904217652420339600F67287 /* AdvancedDisplayView.swift in Sources */ = {isa = PBXBuildFile; fileRef = 904217642420339600F67287 /* AdvancedDisplayView.swift */; };
		9042176824204FDA00F67287 /* TestFuncs.swift in Sources */ = {isa = PBXBuildFile; fileRef = 9042176724204FDA00F67287 /* TestFuncs.swift */; };
		9042176A2422C9DB00F67287 /* HistoryTableViewController.swift in Sources */ = {isa = PBXBuildFile; fileRef = 904217692422C9DB00F67287 /* HistoryTableViewController.swift */; };
		9042176D2423EC1F00F67287 /* HistoryTableViewCell.swift in Sources */ = {isa = PBXBuildFile; fileRef = 9042176C2423EC1F00F67287 /* HistoryTableViewCell.swift */; };
		90470008241C6FC2009575AE /* AdvancedViewController.swift in Sources */ = {isa = PBXBuildFile; fileRef = 90470007241C6FC2009575AE /* AdvancedViewController.swift */; };
		9047FFA1241C327C009575AE /* NavViewController.swift in Sources */ = {isa = PBXBuildFile; fileRef = 9047FFA0241C327C009575AE /* NavViewController.swift */; };
		9048531B243A9DA900750779 /* NewPasswordViewController.swift in Sources */ = {isa = PBXBuildFile; fileRef = 9048531A243A9DA900750779 /* NewPasswordViewController.swift */; };
		9052167024105C110020C238 /* Views.swift in Sources */ = {isa = PBXBuildFile; fileRef = 9052166F24105C110020C238 /* Views.swift */; };
		90521672241061C30020C238 /* LocationManagerController.swift in Sources */ = {isa = PBXBuildFile; fileRef = 90521671241061C30020C238 /* LocationManagerController.swift */; };
		905216742410658B0020C238 /* MapViewLocationManager.swift in Sources */ = {isa = PBXBuildFile; fileRef = 905216732410658B0020C238 /* MapViewLocationManager.swift */; };
		905367A22439732800484796 /* ForgotPasswordViewController.swift in Sources */ = {isa = PBXBuildFile; fileRef = 905367A12439732800484796 /* ForgotPasswordViewController.swift */; };
		905367B5243A679100484796 /* UserController.swift in Sources */ = {isa = PBXBuildFile; fileRef = 905367B4243A679100484796 /* UserController.swift */; };
		905367B7243A68F900484796 /* User+CoreDataProperties.swift in Sources */ = {isa = PBXBuildFile; fileRef = 905367B6243A68F900484796 /* User+CoreDataProperties.swift */; };
		905367B9243A690200484796 /* User+CoreDataClass.swift in Sources */ = {isa = PBXBuildFile; fileRef = 905367B8243A690200484796 /* User+CoreDataClass.swift */; };
		9053D94B24117FDE004692FC /* Trip+CoreDataClass.swift in Sources */ = {isa = PBXBuildFile; fileRef = 9053D94924117FDE004692FC /* Trip+CoreDataClass.swift */; };
		9053D94C24117FDE004692FC /* Trip+CoreDataProperties.swift in Sources */ = {isa = PBXBuildFile; fileRef = 9053D94A24117FDE004692FC /* Trip+CoreDataProperties.swift */; };
		9053D94E2411814F004692FC /* TripController.swift in Sources */ = {isa = PBXBuildFile; fileRef = 9053D94D2411814F004692FC /* TripController.swift */; };
		9053D95024143777004692FC /* AddTipViewController.swift in Sources */ = {isa = PBXBuildFile; fileRef = 9053D94F24143777004692FC /* AddTipViewController.swift */; };
		9055441F24240EC20027CC08 /* EditDeliveryTableViewController.swift in Sources */ = {isa = PBXBuildFile; fileRef = 9055441E24240EC20027CC08 /* EditDeliveryTableViewController.swift */; };
		9055442124241C700027CC08 /* TextFields.swift in Sources */ = {isa = PBXBuildFile; fileRef = 9055442024241C700027CC08 /* TextFields.swift */; };
		905544232424480A0027CC08 /* EditAddressViewController.swift in Sources */ = {isa = PBXBuildFile; fileRef = 905544222424480A0027CC08 /* EditAddressViewController.swift */; };
		9067F996240CA6AF00EBA858 /* PersistenceManager.swift in Sources */ = {isa = PBXBuildFile; fileRef = 9067F995240CA6AF00EBA858 /* PersistenceManager.swift */; };
		9094E5572435842700B18C91 /* awsconfiguration.json in Resources */ = {isa = PBXBuildFile; fileRef = 9094E5562435842700B18C91 /* awsconfiguration.json */; };
		9094E5592435851200B18C91 /* Authorization.swift in Sources */ = {isa = PBXBuildFile; fileRef = 9094E5582435851200B18C91 /* Authorization.swift */; };
		9094E55B243651FC00B18C91 /* SignInViewController.swift in Sources */ = {isa = PBXBuildFile; fileRef = 9094E55A243651FC00B18C91 /* SignInViewController.swift */; };
		9094E55E2436A49400B18C91 /* CreateAccountViewController.swift in Sources */ = {isa = PBXBuildFile; fileRef = 9094E55D2436A49400B18C91 /* CreateAccountViewController.swift */; };
		9094E5602436C70D00B18C91 /* ConfirmAccountViewController.swift in Sources */ = {isa = PBXBuildFile; fileRef = 9094E55F2436C70D00B18C91 /* ConfirmAccountViewController.swift */; };
		90952BE6240DC060003F8ADF /* DeliveryController.swift in Sources */ = {isa = PBXBuildFile; fileRef = 90952BE5240DC060003F8ADF /* DeliveryController.swift */; };
		90A5DDC124196235000DD266 /* MapViewDirections.swift in Sources */ = {isa = PBXBuildFile; fileRef = 90A5DDC024196235000DD266 /* MapViewDirections.swift */; };
		90BD5A3224103C75006C88C8 /* MapViewDrawer.swift in Sources */ = {isa = PBXBuildFile; fileRef = 90BD5A3124103C75006C88C8 /* MapViewDrawer.swift */; };
		90BD5A3424103D61006C88C8 /* TabViewController.swift in Sources */ = {isa = PBXBuildFile; fileRef = 90BD5A3324103D61006C88C8 /* TabViewController.swift */; };
		90BD5A3624104520006C88C8 /* AddressSearchViewController.swift in Sources */ = {isa = PBXBuildFile; fileRef = 90BD5A3524104520006C88C8 /* AddressSearchViewController.swift */; };
/* End PBXBuildFile section */

/* Begin PBXContainerItemProxy section */
		903E2956240C6475001BED71 /* PBXContainerItemProxy */ = {
			isa = PBXContainerItemProxy;
			containerPortal = 903E2934240C6472001BED71 /* Project object */;
			proxyType = 1;
			remoteGlobalIDString = 903E293B240C6472001BED71;
			remoteInfo = "Delivery TipR";
		};
/* End PBXContainerItemProxy section */

/* Begin PBXFileReference section */
		01B579DDEECFF2B5726D898C /* Pods-Delivery TipR.debug.xcconfig */ = {isa = PBXFileReference; includeInIndex = 1; lastKnownFileType = text.xcconfig; name = "Pods-Delivery TipR.debug.xcconfig"; path = "Target Support Files/Pods-Delivery TipR/Pods-Delivery TipR.debug.xcconfig"; sourceTree = "<group>"; };
		1874A103FC187C2E1841D4F8 /* Pods_Delivery_TipRTests.framework */ = {isa = PBXFileReference; explicitFileType = wrapper.framework; includeInIndex = 0; path = Pods_Delivery_TipRTests.framework; sourceTree = BUILT_PRODUCTS_DIR; };
		53E77F924496CDA410932A3E /* Pods-Delivery TipR.release.xcconfig */ = {isa = PBXFileReference; includeInIndex = 1; lastKnownFileType = text.xcconfig; name = "Pods-Delivery TipR.release.xcconfig"; path = "Target Support Files/Pods-Delivery TipR/Pods-Delivery TipR.release.xcconfig"; sourceTree = "<group>"; };
		8B874A82A6E561242E401165 /* Pods-Delivery TipRTests.debug.xcconfig */ = {isa = PBXFileReference; includeInIndex = 1; lastKnownFileType = text.xcconfig; name = "Pods-Delivery TipRTests.debug.xcconfig"; path = "Target Support Files/Pods-Delivery TipRTests/Pods-Delivery TipRTests.debug.xcconfig"; sourceTree = "<group>"; };
		8E7E61C6D64CF9308CEB1EF5 /* Pods-Delivery TipRTests.release.xcconfig */ = {isa = PBXFileReference; includeInIndex = 1; lastKnownFileType = text.xcconfig; name = "Pods-Delivery TipRTests.release.xcconfig"; path = "Target Support Files/Pods-Delivery TipRTests/Pods-Delivery TipRTests.release.xcconfig"; sourceTree = "<group>"; };
		903E293C240C6472001BED71 /* Delivery TipR.app */ = {isa = PBXFileReference; explicitFileType = wrapper.application; includeInIndex = 0; path = "Delivery TipR.app"; sourceTree = BUILT_PRODUCTS_DIR; };
		903E293F240C6472001BED71 /* AppDelegate.swift */ = {isa = PBXFileReference; lastKnownFileType = sourcecode.swift; path = AppDelegate.swift; sourceTree = "<group>"; };
		903E2941240C6472001BED71 /* SceneDelegate.swift */ = {isa = PBXFileReference; lastKnownFileType = sourcecode.swift; path = SceneDelegate.swift; sourceTree = "<group>"; };
		903E2943240C6472001BED71 /* MapViewController.swift */ = {isa = PBXFileReference; lastKnownFileType = sourcecode.swift; path = MapViewController.swift; sourceTree = "<group>"; };
		903E2946240C6472001BED71 /* Base */ = {isa = PBXFileReference; lastKnownFileType = file.storyboard; name = Base; path = Base.lproj/Main.storyboard; sourceTree = "<group>"; };
		903E2949240C6472001BED71 /* Delivery_TipR.xcdatamodel */ = {isa = PBXFileReference; lastKnownFileType = wrapper.xcdatamodel; path = Delivery_TipR.xcdatamodel; sourceTree = "<group>"; };
		903E294B240C6475001BED71 /* Assets.xcassets */ = {isa = PBXFileReference; lastKnownFileType = folder.assetcatalog; path = Assets.xcassets; sourceTree = "<group>"; };
		903E294E240C6475001BED71 /* Base */ = {isa = PBXFileReference; lastKnownFileType = file.storyboard; name = Base; path = Base.lproj/LaunchScreen.storyboard; sourceTree = "<group>"; };
		903E2950240C6475001BED71 /* Info.plist */ = {isa = PBXFileReference; lastKnownFileType = text.plist.xml; path = Info.plist; sourceTree = "<group>"; };
		903E2955240C6475001BED71 /* Delivery TipRTests.xctest */ = {isa = PBXFileReference; explicitFileType = wrapper.cfbundle; includeInIndex = 0; path = "Delivery TipRTests.xctest"; sourceTree = BUILT_PRODUCTS_DIR; };
		903E2959240C6475001BED71 /* Delivery_TipRTests.swift */ = {isa = PBXFileReference; lastKnownFileType = sourcecode.swift; path = Delivery_TipRTests.swift; sourceTree = "<group>"; };
		903E295B240C6475001BED71 /* Info.plist */ = {isa = PBXFileReference; lastKnownFileType = text.plist.xml; path = Info.plist; sourceTree = "<group>"; };
		903E2968240C7152001BED71 /* Location+CoreDataClass.swift */ = {isa = PBXFileReference; lastKnownFileType = sourcecode.swift; path = "Location+CoreDataClass.swift"; sourceTree = "<group>"; };
		903E2969240C7152001BED71 /* Location+CoreDataProperties.swift */ = {isa = PBXFileReference; lastKnownFileType = sourcecode.swift; path = "Location+CoreDataProperties.swift"; sourceTree = "<group>"; };
		903E296A240C7152001BED71 /* Delivery+CoreDataClass.swift */ = {isa = PBXFileReference; lastKnownFileType = sourcecode.swift; path = "Delivery+CoreDataClass.swift"; sourceTree = "<group>"; };
		903E296B240C7152001BED71 /* Delivery+CoreDataProperties.swift */ = {isa = PBXFileReference; lastKnownFileType = sourcecode.swift; path = "Delivery+CoreDataProperties.swift"; sourceTree = "<group>"; };
		903E2970240C7465001BED71 /* LocationController.swift */ = {isa = PBXFileReference; lastKnownFileType = sourcecode.swift; path = LocationController.swift; sourceTree = "<group>"; };
		903E2973240C7660001BED71 /* ExtensionsAndUtilities.swift */ = {isa = PBXFileReference; lastKnownFileType = sourcecode.swift; path = ExtensionsAndUtilities.swift; sourceTree = "<group>"; };
		904217642420339600F67287 /* AdvancedDisplayView.swift */ = {isa = PBXFileReference; lastKnownFileType = sourcecode.swift; path = AdvancedDisplayView.swift; sourceTree = "<group>"; };
		9042176624203B3F00F67287 /* Delivery_TipR 2.xcdatamodel */ = {isa = PBXFileReference; lastKnownFileType = wrapper.xcdatamodel; path = "Delivery_TipR 2.xcdatamodel"; sourceTree = "<group>"; };
		9042176724204FDA00F67287 /* TestFuncs.swift */ = {isa = PBXFileReference; lastKnownFileType = sourcecode.swift; path = TestFuncs.swift; sourceTree = "<group>"; };
		904217692422C9DB00F67287 /* HistoryTableViewController.swift */ = {isa = PBXFileReference; lastKnownFileType = sourcecode.swift; path = HistoryTableViewController.swift; sourceTree = "<group>"; };
		9042176C2423EC1F00F67287 /* HistoryTableViewCell.swift */ = {isa = PBXFileReference; lastKnownFileType = sourcecode.swift; path = HistoryTableViewCell.swift; sourceTree = "<group>"; };
		90470007241C6FC2009575AE /* AdvancedViewController.swift */ = {isa = PBXFileReference; lastKnownFileType = sourcecode.swift; path = AdvancedViewController.swift; sourceTree = "<group>"; };
		9047FFA0241C327C009575AE /* NavViewController.swift */ = {isa = PBXFileReference; lastKnownFileType = sourcecode.swift; path = NavViewController.swift; sourceTree = "<group>"; };
		9048531A243A9DA900750779 /* NewPasswordViewController.swift */ = {isa = PBXFileReference; lastKnownFileType = sourcecode.swift; path = NewPasswordViewController.swift; sourceTree = "<group>"; };
		9052166F24105C110020C238 /* Views.swift */ = {isa = PBXFileReference; lastKnownFileType = sourcecode.swift; path = Views.swift; sourceTree = "<group>"; };
		90521671241061C30020C238 /* LocationManagerController.swift */ = {isa = PBXFileReference; lastKnownFileType = sourcecode.swift; path = LocationManagerController.swift; sourceTree = "<group>"; };
		905216732410658B0020C238 /* MapViewLocationManager.swift */ = {isa = PBXFileReference; lastKnownFileType = sourcecode.swift; path = MapViewLocationManager.swift; sourceTree = "<group>"; };
		905367A12439732800484796 /* ForgotPasswordViewController.swift */ = {isa = PBXFileReference; lastKnownFileType = sourcecode.swift; path = ForgotPasswordViewController.swift; sourceTree = "<group>"; };
		905367B4243A679100484796 /* UserController.swift */ = {isa = PBXFileReference; lastKnownFileType = sourcecode.swift; path = UserController.swift; sourceTree = "<group>"; };
		905367B6243A68F900484796 /* User+CoreDataProperties.swift */ = {isa = PBXFileReference; lastKnownFileType = sourcecode.swift; name = "User+CoreDataProperties.swift"; path = "/Users/greghughes/Desktop/Delivery-TipR-Master/Delivery TipR/Models/User+CoreDataProperties.swift"; sourceTree = "<absolute>"; };
		905367B8243A690200484796 /* User+CoreDataClass.swift */ = {isa = PBXFileReference; lastKnownFileType = sourcecode.swift; name = "User+CoreDataClass.swift"; path = "/Users/greghughes/Desktop/Delivery-TipR-Master/Delivery TipR/Models/User+CoreDataClass.swift"; sourceTree = "<absolute>"; };
		9053D94924117FDE004692FC /* Trip+CoreDataClass.swift */ = {isa = PBXFileReference; lastKnownFileType = sourcecode.swift; path = "Trip+CoreDataClass.swift"; sourceTree = "<group>"; };
		9053D94A24117FDE004692FC /* Trip+CoreDataProperties.swift */ = {isa = PBXFileReference; lastKnownFileType = sourcecode.swift; path = "Trip+CoreDataProperties.swift"; sourceTree = "<group>"; };
		9053D94D2411814F004692FC /* TripController.swift */ = {isa = PBXFileReference; lastKnownFileType = sourcecode.swift; path = TripController.swift; sourceTree = "<group>"; };
		9053D94F24143777004692FC /* AddTipViewController.swift */ = {isa = PBXFileReference; lastKnownFileType = sourcecode.swift; path = AddTipViewController.swift; sourceTree = "<group>"; };
		9055441E24240EC20027CC08 /* EditDeliveryTableViewController.swift */ = {isa = PBXFileReference; lastKnownFileType = sourcecode.swift; path = EditDeliveryTableViewController.swift; sourceTree = "<group>"; };
		9055442024241C700027CC08 /* TextFields.swift */ = {isa = PBXFileReference; lastKnownFileType = sourcecode.swift; path = TextFields.swift; sourceTree = "<group>"; };
		905544222424480A0027CC08 /* EditAddressViewController.swift */ = {isa = PBXFileReference; lastKnownFileType = sourcecode.swift; path = EditAddressViewController.swift; sourceTree = "<group>"; };
		9067F995240CA6AF00EBA858 /* PersistenceManager.swift */ = {isa = PBXFileReference; lastKnownFileType = sourcecode.swift; path = PersistenceManager.swift; sourceTree = "<group>"; };
		9094E5562435842700B18C91 /* awsconfiguration.json */ = {isa = PBXFileReference; fileEncoding = 4; lastKnownFileType = text.json; path = awsconfiguration.json; sourceTree = SOURCE_ROOT; };
		9094E5582435851200B18C91 /* Authorization.swift */ = {isa = PBXFileReference; lastKnownFileType = sourcecode.swift; path = Authorization.swift; sourceTree = "<group>"; };
		9094E55A243651FC00B18C91 /* SignInViewController.swift */ = {isa = PBXFileReference; lastKnownFileType = sourcecode.swift; path = SignInViewController.swift; sourceTree = "<group>"; };
		9094E55D2436A49400B18C91 /* CreateAccountViewController.swift */ = {isa = PBXFileReference; lastKnownFileType = sourcecode.swift; path = CreateAccountViewController.swift; sourceTree = "<group>"; };
		9094E55F2436C70D00B18C91 /* ConfirmAccountViewController.swift */ = {isa = PBXFileReference; lastKnownFileType = sourcecode.swift; path = ConfirmAccountViewController.swift; sourceTree = "<group>"; };
		90952BE5240DC060003F8ADF /* DeliveryController.swift */ = {isa = PBXFileReference; lastKnownFileType = sourcecode.swift; path = DeliveryController.swift; sourceTree = "<group>"; };
		90A5DDC024196235000DD266 /* MapViewDirections.swift */ = {isa = PBXFileReference; lastKnownFileType = sourcecode.swift; path = MapViewDirections.swift; sourceTree = "<group>"; };
		90BD5A3124103C75006C88C8 /* MapViewDrawer.swift */ = {isa = PBXFileReference; lastKnownFileType = sourcecode.swift; path = MapViewDrawer.swift; sourceTree = "<group>"; };
		90BD5A3324103D61006C88C8 /* TabViewController.swift */ = {isa = PBXFileReference; lastKnownFileType = sourcecode.swift; path = TabViewController.swift; sourceTree = "<group>"; };
		90BD5A3524104520006C88C8 /* AddressSearchViewController.swift */ = {isa = PBXFileReference; lastKnownFileType = sourcecode.swift; path = AddressSearchViewController.swift; sourceTree = "<group>"; };
		EA7AF071DE376A56B7F32136 /* Pods_Delivery_TipR.framework */ = {isa = PBXFileReference; explicitFileType = wrapper.framework; includeInIndex = 0; path = Pods_Delivery_TipR.framework; sourceTree = BUILT_PRODUCTS_DIR; };
/* End PBXFileReference section */

/* Begin PBXFrameworksBuildPhase section */
		903E2939240C6472001BED71 /* Frameworks */ = {
			isa = PBXFrameworksBuildPhase;
			buildActionMask = 2147483647;
			files = (
				2C1293DEEEC465C144DB7BF6 /* Pods_Delivery_TipR.framework in Frameworks */,
			);
			runOnlyForDeploymentPostprocessing = 0;
		};
		903E2952240C6475001BED71 /* Frameworks */ = {
			isa = PBXFrameworksBuildPhase;
			buildActionMask = 2147483647;
			files = (
				2C7DA97A19361F0A89B09D80 /* Pods_Delivery_TipRTests.framework in Frameworks */,
			);
			runOnlyForDeploymentPostprocessing = 0;
		};
/* End PBXFrameworksBuildPhase section */

/* Begin PBXGroup section */
		4C63830947D3004506DD0205 /* Frameworks */ = {
			isa = PBXGroup;
			children = (
				EA7AF071DE376A56B7F32136 /* Pods_Delivery_TipR.framework */,
				1874A103FC187C2E1841D4F8 /* Pods_Delivery_TipRTests.framework */,
			);
			name = Frameworks;
			sourceTree = "<group>";
		};
		7EE43C852965387D4E4AE2C4 /* Pods */ = {
			isa = PBXGroup;
			children = (
				01B579DDEECFF2B5726D898C /* Pods-Delivery TipR.debug.xcconfig */,
				53E77F924496CDA410932A3E /* Pods-Delivery TipR.release.xcconfig */,
				8B874A82A6E561242E401165 /* Pods-Delivery TipRTests.debug.xcconfig */,
				8E7E61C6D64CF9308CEB1EF5 /* Pods-Delivery TipRTests.release.xcconfig */,
			);
			path = Pods;
			sourceTree = "<group>";
		};
		903E2933240C6472001BED71 = {
			isa = PBXGroup;
			children = (
				903E293E240C6472001BED71 /* Delivery TipR */,
				903E2958240C6475001BED71 /* Delivery TipRTests */,
				903E293D240C6472001BED71 /* Products */,
				7EE43C852965387D4E4AE2C4 /* Pods */,
				4C63830947D3004506DD0205 /* Frameworks */,
			);
			sourceTree = "<group>";
		};
		903E293D240C6472001BED71 /* Products */ = {
			isa = PBXGroup;
			children = (
				903E293C240C6472001BED71 /* Delivery TipR.app */,
				903E2955240C6475001BED71 /* Delivery TipRTests.xctest */,
			);
			name = Products;
			sourceTree = "<group>";
		};
		903E293E240C6472001BED71 /* Delivery TipR */ = {
			isa = PBXGroup;
			children = (
				9094E5562435842700B18C91 /* awsconfiguration.json */,
				903E2972240C7655001BED71 /* ExtensionsAndUtilities */,
				903E2967240C663A001BED71 /* ViewControllers */,
				903E2966240C6632001BED71 /* ModelControllers */,
				903E2965240C662C001BED71 /* Models */,
				903E2964240C65A1001BED71 /* Resourses */,
				903E2945240C6472001BED71 /* Main.storyboard */,
				903E2950240C6475001BED71 /* Info.plist */,
				903E2948240C6472001BED71 /* Delivery_TipR.xcdatamodeld */,
			);
			path = "Delivery TipR";
			sourceTree = "<group>";
		};
		903E2958240C6475001BED71 /* Delivery TipRTests */ = {
			isa = PBXGroup;
			children = (
				903E2959240C6475001BED71 /* Delivery_TipRTests.swift */,
				903E295B240C6475001BED71 /* Info.plist */,
			);
			path = "Delivery TipRTests";
			sourceTree = "<group>";
		};
		903E2964240C65A1001BED71 /* Resourses */ = {
			isa = PBXGroup;
			children = (
				903E293F240C6472001BED71 /* AppDelegate.swift */,
				903E2941240C6472001BED71 /* SceneDelegate.swift */,
				903E294D240C6475001BED71 /* LaunchScreen.storyboard */,
				903E294B240C6475001BED71 /* Assets.xcassets */,
			);
			path = Resourses;
			sourceTree = "<group>";
		};
		903E2965240C662C001BED71 /* Models */ = {
			isa = PBXGroup;
			children = (
				905367B8243A690200484796 /* User+CoreDataClass.swift */,
				905367B6243A68F900484796 /* User+CoreDataProperties.swift */,
				9053D94924117FDE004692FC /* Trip+CoreDataClass.swift */,
				9053D94A24117FDE004692FC /* Trip+CoreDataProperties.swift */,
				903E2968240C7152001BED71 /* Location+CoreDataClass.swift */,
				903E2969240C7152001BED71 /* Location+CoreDataProperties.swift */,
				903E296A240C7152001BED71 /* Delivery+CoreDataClass.swift */,
				903E296B240C7152001BED71 /* Delivery+CoreDataProperties.swift */,
			);
			path = Models;
			sourceTree = "<group>";
		};
		903E2966240C6632001BED71 /* ModelControllers */ = {
			isa = PBXGroup;
			children = (
				9067F995240CA6AF00EBA858 /* PersistenceManager.swift */,
				903E2970240C7465001BED71 /* LocationController.swift */,
				90952BE5240DC060003F8ADF /* DeliveryController.swift */,
				90521671241061C30020C238 /* LocationManagerController.swift */,
				9053D94D2411814F004692FC /* TripController.swift */,
				905367B4243A679100484796 /* UserController.swift */,
			);
			path = ModelControllers;
			sourceTree = "<group>";
		};
		903E2967240C663A001BED71 /* ViewControllers */ = {
			isa = PBXGroup;
			children = (
				9094E55C2436A43600B18C91 /* SignIn */,
				90470006241C6F7F009575AE /* Trip */,
				90470005241C6F67009575AE /* Advanced */,
				9052166E24105BFC0020C238 /* Views */,
				903E2943240C6472001BED71 /* MapViewController.swift */,
				90A5DDC024196235000DD266 /* MapViewDirections.swift */,
				90BD5A3124103C75006C88C8 /* MapViewDrawer.swift */,
				905216732410658B0020C238 /* MapViewLocationManager.swift */,
				90BD5A3324103D61006C88C8 /* TabViewController.swift */,
				9053D94F24143777004692FC /* AddTipViewController.swift */,
			);
			path = ViewControllers;
			sourceTree = "<group>";
		};
		903E2972240C7655001BED71 /* ExtensionsAndUtilities */ = {
			isa = PBXGroup;
			children = (
				903E2973240C7660001BED71 /* ExtensionsAndUtilities.swift */,
				9042176724204FDA00F67287 /* TestFuncs.swift */,
				9055442024241C700027CC08 /* TextFields.swift */,
				9094E5582435851200B18C91 /* Authorization.swift */,
			);
			path = ExtensionsAndUtilities;
			sourceTree = "<group>";
		};
		9042176B2423EBFB00F67287 /* Cells */ = {
			isa = PBXGroup;
			children = (
				904217642420339600F67287 /* AdvancedDisplayView.swift */,
				9042176C2423EC1F00F67287 /* HistoryTableViewCell.swift */,
			);
			path = Cells;
			sourceTree = "<group>";
		};
		90470005241C6F67009575AE /* Advanced */ = {
			isa = PBXGroup;
			children = (
				9042176B2423EBFB00F67287 /* Cells */,
				9047FFA0241C327C009575AE /* NavViewController.swift */,
				90470007241C6FC2009575AE /* AdvancedViewController.swift */,
				904217692422C9DB00F67287 /* HistoryTableViewController.swift */,
				9055441E24240EC20027CC08 /* EditDeliveryTableViewController.swift */,
				905544222424480A0027CC08 /* EditAddressViewController.swift */,
			);
			path = Advanced;
			sourceTree = "<group>";
		};
		90470006241C6F7F009575AE /* Trip */ = {
			isa = PBXGroup;
			children = (
				90BD5A3524104520006C88C8 /* AddressSearchViewController.swift */,
			);
			path = Trip;
			sourceTree = "<group>";
		};
		9052166E24105BFC0020C238 /* Views */ = {
			isa = PBXGroup;
			children = (
				9052166F24105C110020C238 /* Views.swift */,
			);
			path = Views;
			sourceTree = "<group>";
		};
		905367A3243A62D300484796 /* NewAccountViewControllers */ = {
			isa = PBXGroup;
			children = (
				9094E55D2436A49400B18C91 /* CreateAccountViewController.swift */,
				9094E55F2436C70D00B18C91 /* ConfirmAccountViewController.swift */,
			);
			path = NewAccountViewControllers;
			sourceTree = "<group>";
		};
		9094E55C2436A43600B18C91 /* SignIn */ = {
			isa = PBXGroup;
			children = (
				9094E55A243651FC00B18C91 /* SignInViewController.swift */,
				905367A3243A62D300484796 /* NewAccountViewControllers */,
				905367A12439732800484796 /* ForgotPasswordViewController.swift */,
				9048531A243A9DA900750779 /* NewPasswordViewController.swift */,
			);
			path = SignIn;
			sourceTree = "<group>";
		};
/* End PBXGroup section */

/* Begin PBXNativeTarget section */
		903E293B240C6472001BED71 /* Delivery TipR */ = {
			isa = PBXNativeTarget;
			buildConfigurationList = 903E295E240C6475001BED71 /* Build configuration list for PBXNativeTarget "Delivery TipR" */;
			buildPhases = (
				52D8F90F8F8B30BC3D2D781A /* [CP] Check Pods Manifest.lock */,
				903E2938240C6472001BED71 /* Sources */,
				903E2939240C6472001BED71 /* Frameworks */,
				903E293A240C6472001BED71 /* Resources */,
				914F3925984EC008CAAA86C5 /* [CP] Embed Pods Frameworks */,
			);
			buildRules = (
			);
			dependencies = (
			);
			name = "Delivery TipR";
			productName = "Delivery TipR";
			productReference = 903E293C240C6472001BED71 /* Delivery TipR.app */;
			productType = "com.apple.product-type.application";
		};
		903E2954240C6475001BED71 /* Delivery TipRTests */ = {
			isa = PBXNativeTarget;
			buildConfigurationList = 903E2961240C6475001BED71 /* Build configuration list for PBXNativeTarget "Delivery TipRTests" */;
			buildPhases = (
				A2C02EC358C6F9DA7507A384 /* [CP] Check Pods Manifest.lock */,
				903E2951240C6475001BED71 /* Sources */,
				903E2952240C6475001BED71 /* Frameworks */,
				903E2953240C6475001BED71 /* Resources */,
			);
			buildRules = (
			);
			dependencies = (
				903E2957240C6475001BED71 /* PBXTargetDependency */,
			);
			name = "Delivery TipRTests";
			productName = "Delivery TipRTests";
			productReference = 903E2955240C6475001BED71 /* Delivery TipRTests.xctest */;
			productType = "com.apple.product-type.bundle.unit-test";
		};
/* End PBXNativeTarget section */

/* Begin PBXProject section */
		903E2934240C6472001BED71 /* Project object */ = {
			isa = PBXProject;
			attributes = {
				LastSwiftUpdateCheck = 1130;
				LastUpgradeCheck = 1130;
				ORGANIZATIONNAME = "Greg Hughes";
				TargetAttributes = {
					903E293B240C6472001BED71 = {
						CreatedOnToolsVersion = 11.3.1;
					};
					903E2954240C6475001BED71 = {
						CreatedOnToolsVersion = 11.3.1;
						TestTargetID = 903E293B240C6472001BED71;
					};
				};
			};
			buildConfigurationList = 903E2937240C6472001BED71 /* Build configuration list for PBXProject "Delivery TipR" */;
			compatibilityVersion = "Xcode 9.3";
			developmentRegion = en;
			hasScannedForEncodings = 0;
			knownRegions = (
				en,
				Base,
			);
			mainGroup = 903E2933240C6472001BED71;
			productRefGroup = 903E293D240C6472001BED71 /* Products */;
			projectDirPath = "";
			projectRoot = "";
			targets = (
				903E293B240C6472001BED71 /* Delivery TipR */,
				903E2954240C6475001BED71 /* Delivery TipRTests */,
			);
		};
/* End PBXProject section */

/* Begin PBXResourcesBuildPhase section */
		903E293A240C6472001BED71 /* Resources */ = {
			isa = PBXResourcesBuildPhase;
			buildActionMask = 2147483647;
			files = (
				9094E5572435842700B18C91 /* awsconfiguration.json in Resources */,
				903E294F240C6475001BED71 /* LaunchScreen.storyboard in Resources */,
				903E294C240C6475001BED71 /* Assets.xcassets in Resources */,
				903E2947240C6472001BED71 /* Main.storyboard in Resources */,
			);
			runOnlyForDeploymentPostprocessing = 0;
		};
		903E2953240C6475001BED71 /* Resources */ = {
			isa = PBXResourcesBuildPhase;
			buildActionMask = 2147483647;
			files = (
			);
			runOnlyForDeploymentPostprocessing = 0;
		};
/* End PBXResourcesBuildPhase section */

/* Begin PBXShellScriptBuildPhase section */
		52D8F90F8F8B30BC3D2D781A /* [CP] Check Pods Manifest.lock */ = {
			isa = PBXShellScriptBuildPhase;
			buildActionMask = 2147483647;
			files = (
			);
			inputFileListPaths = (
			);
			inputPaths = (
				"${PODS_PODFILE_DIR_PATH}/Podfile.lock",
				"${PODS_ROOT}/Manifest.lock",
			);
			name = "[CP] Check Pods Manifest.lock";
			outputFileListPaths = (
			);
			outputPaths = (
				"$(DERIVED_FILE_DIR)/Pods-Delivery TipR-checkManifestLockResult.txt",
			);
			runOnlyForDeploymentPostprocessing = 0;
			shellPath = /bin/sh;
			shellScript = "diff \"${PODS_PODFILE_DIR_PATH}/Podfile.lock\" \"${PODS_ROOT}/Manifest.lock\" > /dev/null\nif [ $? != 0 ] ; then\n    # print error to STDERR\n    echo \"error: The sandbox is not in sync with the Podfile.lock. Run 'pod install' or update your CocoaPods installation.\" >&2\n    exit 1\nfi\n# This output is used by Xcode 'outputs' to avoid re-running this script phase.\necho \"SUCCESS\" > \"${SCRIPT_OUTPUT_FILE_0}\"\n";
			showEnvVarsInLog = 0;
		};
		914F3925984EC008CAAA86C5 /* [CP] Embed Pods Frameworks */ = {
			isa = PBXShellScriptBuildPhase;
			buildActionMask = 2147483647;
			files = (
			);
			inputFileListPaths = (
				"${PODS_ROOT}/Target Support Files/Pods-Delivery TipR/Pods-Delivery TipR-frameworks-${CONFIGURATION}-input-files.xcfilelist",
			);
			name = "[CP] Embed Pods Frameworks";
			outputFileListPaths = (
				"${PODS_ROOT}/Target Support Files/Pods-Delivery TipR/Pods-Delivery TipR-frameworks-${CONFIGURATION}-output-files.xcfilelist",
			);
			runOnlyForDeploymentPostprocessing = 0;
			shellPath = /bin/sh;
			shellScript = "\"${PODS_ROOT}/Target Support Files/Pods-Delivery TipR/Pods-Delivery TipR-frameworks.sh\"\n";
			showEnvVarsInLog = 0;
		};
		A2C02EC358C6F9DA7507A384 /* [CP] Check Pods Manifest.lock */ = {
			isa = PBXShellScriptBuildPhase;
			buildActionMask = 2147483647;
			files = (
			);
			inputFileListPaths = (
			);
			inputPaths = (
				"${PODS_PODFILE_DIR_PATH}/Podfile.lock",
				"${PODS_ROOT}/Manifest.lock",
			);
			name = "[CP] Check Pods Manifest.lock";
			outputFileListPaths = (
			);
			outputPaths = (
				"$(DERIVED_FILE_DIR)/Pods-Delivery TipRTests-checkManifestLockResult.txt",
			);
			runOnlyForDeploymentPostprocessing = 0;
			shellPath = /bin/sh;
			shellScript = "diff \"${PODS_PODFILE_DIR_PATH}/Podfile.lock\" \"${PODS_ROOT}/Manifest.lock\" > /dev/null\nif [ $? != 0 ] ; then\n    # print error to STDERR\n    echo \"error: The sandbox is not in sync with the Podfile.lock. Run 'pod install' or update your CocoaPods installation.\" >&2\n    exit 1\nfi\n# This output is used by Xcode 'outputs' to avoid re-running this script phase.\necho \"SUCCESS\" > \"${SCRIPT_OUTPUT_FILE_0}\"\n";
			showEnvVarsInLog = 0;
		};
/* End PBXShellScriptBuildPhase section */

/* Begin PBXSourcesBuildPhase section */
		903E2938240C6472001BED71 /* Sources */ = {
			isa = PBXSourcesBuildPhase;
			buildActionMask = 2147483647;
			files = (
				905367B5243A679100484796 /* UserController.swift in Sources */,
				9094E55E2436A49400B18C91 /* CreateAccountViewController.swift in Sources */,
				9053D95024143777004692FC /* AddTipViewController.swift in Sources */,
				90470008241C6FC2009575AE /* AdvancedViewController.swift in Sources */,
				903E294A240C6472001BED71 /* Delivery_TipR.xcdatamodeld in Sources */,
				904217652420339600F67287 /* AdvancedDisplayView.swift in Sources */,
				9042176A2422C9DB00F67287 /* HistoryTableViewController.swift in Sources */,
				905544232424480A0027CC08 /* EditAddressViewController.swift in Sources */,
				905367A22439732800484796 /* ForgotPasswordViewController.swift in Sources */,
				903E296F240C7152001BED71 /* Delivery+CoreDataProperties.swift in Sources */,
				903E2944240C6472001BED71 /* MapViewController.swift in Sources */,
				9048531B243A9DA900750779 /* NewPasswordViewController.swift in Sources */,
				9042176D2423EC1F00F67287 /* HistoryTableViewCell.swift in Sources */,
				903E296D240C7152001BED71 /* Location+CoreDataProperties.swift in Sources */,
				9052167024105C110020C238 /* Views.swift in Sources */,
				905367B9243A690200484796 /* User+CoreDataClass.swift in Sources */,
				903E296E240C7152001BED71 /* Delivery+CoreDataClass.swift in Sources */,
				903E2974240C7660001BED71 /* ExtensionsAndUtilities.swift in Sources */,
				903E2940240C6472001BED71 /* AppDelegate.swift in Sources */,
				903E296C240C7152001BED71 /* Location+CoreDataClass.swift in Sources */,
				90BD5A3624104520006C88C8 /* AddressSearchViewController.swift in Sources */,
				9053D94B24117FDE004692FC /* Trip+CoreDataClass.swift in Sources */,
				905216742410658B0020C238 /* MapViewLocationManager.swift in Sources */,
				9053D94E2411814F004692FC /* TripController.swift in Sources */,
				903E2971240C7465001BED71 /* LocationController.swift in Sources */,
				905367B7243A68F900484796 /* User+CoreDataProperties.swift in Sources */,
				9067F996240CA6AF00EBA858 /* PersistenceManager.swift in Sources */,
				903E2942240C6472001BED71 /* SceneDelegate.swift in Sources */,
				90BD5A3224103C75006C88C8 /* MapViewDrawer.swift in Sources */,
				90BD5A3424103D61006C88C8 /* TabViewController.swift in Sources */,
				90521672241061C30020C238 /* LocationManagerController.swift in Sources */,
				9053D94C24117FDE004692FC /* Trip+CoreDataProperties.swift in Sources */,
				9055441F24240EC20027CC08 /* EditDeliveryTableViewController.swift in Sources */,
				9094E5602436C70D00B18C91 /* ConfirmAccountViewController.swift in Sources */,
				90A5DDC124196235000DD266 /* MapViewDirections.swift in Sources */,
				9047FFA1241C327C009575AE /* NavViewController.swift in Sources */,
				9094E55B243651FC00B18C91 /* SignInViewController.swift in Sources */,
				90952BE6240DC060003F8ADF /* DeliveryController.swift in Sources */,
				9042176824204FDA00F67287 /* TestFuncs.swift in Sources */,
				9055442124241C700027CC08 /* TextFields.swift in Sources */,
				9094E5592435851200B18C91 /* Authorization.swift in Sources */,
			);
			runOnlyForDeploymentPostprocessing = 0;
		};
		903E2951240C6475001BED71 /* Sources */ = {
			isa = PBXSourcesBuildPhase;
			buildActionMask = 2147483647;
			files = (
				903E295A240C6475001BED71 /* Delivery_TipRTests.swift in Sources */,
			);
			runOnlyForDeploymentPostprocessing = 0;
		};
/* End PBXSourcesBuildPhase section */

/* Begin PBXTargetDependency section */
		903E2957240C6475001BED71 /* PBXTargetDependency */ = {
			isa = PBXTargetDependency;
			target = 903E293B240C6472001BED71 /* Delivery TipR */;
			targetProxy = 903E2956240C6475001BED71 /* PBXContainerItemProxy */;
		};
/* End PBXTargetDependency section */

/* Begin PBXVariantGroup section */
		903E2945240C6472001BED71 /* Main.storyboard */ = {
			isa = PBXVariantGroup;
			children = (
				903E2946240C6472001BED71 /* Base */,
			);
			name = Main.storyboard;
			sourceTree = "<group>";
		};
		903E294D240C6475001BED71 /* LaunchScreen.storyboard */ = {
			isa = PBXVariantGroup;
			children = (
				903E294E240C6475001BED71 /* Base */,
			);
			name = LaunchScreen.storyboard;
			sourceTree = "<group>";
		};
/* End PBXVariantGroup section */

/* Begin XCBuildConfiguration section */
		903E295C240C6475001BED71 /* Debug */ = {
			isa = XCBuildConfiguration;
			buildSettings = {
				ALWAYS_SEARCH_USER_PATHS = NO;
				CLANG_ANALYZER_NONNULL = YES;
				CLANG_ANALYZER_NUMBER_OBJECT_CONVERSION = YES_AGGRESSIVE;
				CLANG_CXX_LANGUAGE_STANDARD = "gnu++14";
				CLANG_CXX_LIBRARY = "libc++";
				CLANG_ENABLE_MODULES = YES;
				CLANG_ENABLE_OBJC_ARC = YES;
				CLANG_ENABLE_OBJC_WEAK = YES;
				CLANG_WARN_BLOCK_CAPTURE_AUTORELEASING = YES;
				CLANG_WARN_BOOL_CONVERSION = YES;
				CLANG_WARN_COMMA = YES;
				CLANG_WARN_CONSTANT_CONVERSION = YES;
				CLANG_WARN_DEPRECATED_OBJC_IMPLEMENTATIONS = YES;
				CLANG_WARN_DIRECT_OBJC_ISA_USAGE = YES_ERROR;
				CLANG_WARN_DOCUMENTATION_COMMENTS = YES;
				CLANG_WARN_EMPTY_BODY = YES;
				CLANG_WARN_ENUM_CONVERSION = YES;
				CLANG_WARN_INFINITE_RECURSION = YES;
				CLANG_WARN_INT_CONVERSION = YES;
				CLANG_WARN_NON_LITERAL_NULL_CONVERSION = YES;
				CLANG_WARN_OBJC_IMPLICIT_RETAIN_SELF = YES;
				CLANG_WARN_OBJC_LITERAL_CONVERSION = YES;
				CLANG_WARN_OBJC_ROOT_CLASS = YES_ERROR;
				CLANG_WARN_RANGE_LOOP_ANALYSIS = YES;
				CLANG_WARN_STRICT_PROTOTYPES = YES;
				CLANG_WARN_SUSPICIOUS_MOVE = YES;
				CLANG_WARN_UNGUARDED_AVAILABILITY = YES_AGGRESSIVE;
				CLANG_WARN_UNREACHABLE_CODE = YES;
				CLANG_WARN__DUPLICATE_METHOD_MATCH = YES;
				COPY_PHASE_STRIP = NO;
				DEBUG_INFORMATION_FORMAT = dwarf;
				ENABLE_STRICT_OBJC_MSGSEND = YES;
				ENABLE_TESTABILITY = YES;
				GCC_C_LANGUAGE_STANDARD = gnu11;
				GCC_DYNAMIC_NO_PIC = NO;
				GCC_NO_COMMON_BLOCKS = YES;
				GCC_OPTIMIZATION_LEVEL = 0;
				GCC_PREPROCESSOR_DEFINITIONS = (
					"DEBUG=1",
					"$(inherited)",
				);
				GCC_WARN_64_TO_32_BIT_CONVERSION = YES;
				GCC_WARN_ABOUT_RETURN_TYPE = YES_ERROR;
				GCC_WARN_UNDECLARED_SELECTOR = YES;
				GCC_WARN_UNINITIALIZED_AUTOS = YES_AGGRESSIVE;
				GCC_WARN_UNUSED_FUNCTION = YES;
				GCC_WARN_UNUSED_VARIABLE = YES;
				IPHONEOS_DEPLOYMENT_TARGET = 13.2;
				MTL_ENABLE_DEBUG_INFO = INCLUDE_SOURCE;
				MTL_FAST_MATH = YES;
				ONLY_ACTIVE_ARCH = YES;
				SDKROOT = iphoneos;
				SWIFT_ACTIVE_COMPILATION_CONDITIONS = DEBUG;
				SWIFT_OPTIMIZATION_LEVEL = "-Onone";
			};
			name = Debug;
		};
		903E295D240C6475001BED71 /* Release */ = {
			isa = XCBuildConfiguration;
			buildSettings = {
				ALWAYS_SEARCH_USER_PATHS = NO;
				CLANG_ANALYZER_NONNULL = YES;
				CLANG_ANALYZER_NUMBER_OBJECT_CONVERSION = YES_AGGRESSIVE;
				CLANG_CXX_LANGUAGE_STANDARD = "gnu++14";
				CLANG_CXX_LIBRARY = "libc++";
				CLANG_ENABLE_MODULES = YES;
				CLANG_ENABLE_OBJC_ARC = YES;
				CLANG_ENABLE_OBJC_WEAK = YES;
				CLANG_WARN_BLOCK_CAPTURE_AUTORELEASING = YES;
				CLANG_WARN_BOOL_CONVERSION = YES;
				CLANG_WARN_COMMA = YES;
				CLANG_WARN_CONSTANT_CONVERSION = YES;
				CLANG_WARN_DEPRECATED_OBJC_IMPLEMENTATIONS = YES;
				CLANG_WARN_DIRECT_OBJC_ISA_USAGE = YES_ERROR;
				CLANG_WARN_DOCUMENTATION_COMMENTS = YES;
				CLANG_WARN_EMPTY_BODY = YES;
				CLANG_WARN_ENUM_CONVERSION = YES;
				CLANG_WARN_INFINITE_RECURSION = YES;
				CLANG_WARN_INT_CONVERSION = YES;
				CLANG_WARN_NON_LITERAL_NULL_CONVERSION = YES;
				CLANG_WARN_OBJC_IMPLICIT_RETAIN_SELF = YES;
				CLANG_WARN_OBJC_LITERAL_CONVERSION = YES;
				CLANG_WARN_OBJC_ROOT_CLASS = YES_ERROR;
				CLANG_WARN_RANGE_LOOP_ANALYSIS = YES;
				CLANG_WARN_STRICT_PROTOTYPES = YES;
				CLANG_WARN_SUSPICIOUS_MOVE = YES;
				CLANG_WARN_UNGUARDED_AVAILABILITY = YES_AGGRESSIVE;
				CLANG_WARN_UNREACHABLE_CODE = YES;
				CLANG_WARN__DUPLICATE_METHOD_MATCH = YES;
				COPY_PHASE_STRIP = NO;
				DEBUG_INFORMATION_FORMAT = "dwarf-with-dsym";
				ENABLE_NS_ASSERTIONS = NO;
				ENABLE_STRICT_OBJC_MSGSEND = YES;
				GCC_C_LANGUAGE_STANDARD = gnu11;
				GCC_NO_COMMON_BLOCKS = YES;
				GCC_WARN_64_TO_32_BIT_CONVERSION = YES;
				GCC_WARN_ABOUT_RETURN_TYPE = YES_ERROR;
				GCC_WARN_UNDECLARED_SELECTOR = YES;
				GCC_WARN_UNINITIALIZED_AUTOS = YES_AGGRESSIVE;
				GCC_WARN_UNUSED_FUNCTION = YES;
				GCC_WARN_UNUSED_VARIABLE = YES;
				IPHONEOS_DEPLOYMENT_TARGET = 13.2;
				MTL_ENABLE_DEBUG_INFO = NO;
				MTL_FAST_MATH = YES;
				SDKROOT = iphoneos;
				SWIFT_COMPILATION_MODE = wholemodule;
				SWIFT_OPTIMIZATION_LEVEL = "-O";
				VALIDATE_PRODUCT = YES;
			};
			name = Release;
		};
		903E295F240C6475001BED71 /* Debug */ = {
			isa = XCBuildConfiguration;
			baseConfigurationReference = 01B579DDEECFF2B5726D898C /* Pods-Delivery TipR.debug.xcconfig */;
			buildSettings = {
				ASSETCATALOG_COMPILER_APPICON_NAME = AppIcon;
				CODE_SIGN_STYLE = Automatic;
				DEVELOPMENT_TEAM = 57FTCZV5HS;
				INFOPLIST_FILE = "Delivery TipR/Info.plist";
				LD_RUNPATH_SEARCH_PATHS = (
					"$(inherited)",
					"@executable_path/Frameworks",
				);
				PRODUCT_BUNDLE_IDENTIFIER = "com.greghughes.Delivery-TipR";
				PRODUCT_NAME = "$(TARGET_NAME)";
				SWIFT_VERSION = 5.0;
				TARGETED_DEVICE_FAMILY = "1,2";
			};
			name = Debug;
		};
		903E2960240C6475001BED71 /* Release */ = {
			isa = XCBuildConfiguration;
			baseConfigurationReference = 53E77F924496CDA410932A3E /* Pods-Delivery TipR.release.xcconfig */;
			buildSettings = {
				ASSETCATALOG_COMPILER_APPICON_NAME = AppIcon;
				CODE_SIGN_STYLE = Automatic;
				DEVELOPMENT_TEAM = 57FTCZV5HS;
				INFOPLIST_FILE = "Delivery TipR/Info.plist";
				LD_RUNPATH_SEARCH_PATHS = (
					"$(inherited)",
					"@executable_path/Frameworks",
				);
				PRODUCT_BUNDLE_IDENTIFIER = "com.greghughes.Delivery-TipR";
				PRODUCT_NAME = "$(TARGET_NAME)";
				SWIFT_VERSION = 5.0;
				TARGETED_DEVICE_FAMILY = "1,2";
			};
			name = Release;
		};
		903E2962240C6475001BED71 /* Debug */ = {
			isa = XCBuildConfiguration;
			baseConfigurationReference = 8B874A82A6E561242E401165 /* Pods-Delivery TipRTests.debug.xcconfig */;
			buildSettings = {
				ALWAYS_EMBED_SWIFT_STANDARD_LIBRARIES = YES;
				BUNDLE_LOADER = "$(TEST_HOST)";
				CODE_SIGN_STYLE = Automatic;
				DEVELOPMENT_TEAM = 57FTCZV5HS;
				INFOPLIST_FILE = "Delivery TipRTests/Info.plist";
				IPHONEOS_DEPLOYMENT_TARGET = 13.2;
				LD_RUNPATH_SEARCH_PATHS = (
					"$(inherited)",
					"@executable_path/Frameworks",
					"@loader_path/Frameworks",
				);
				PRODUCT_BUNDLE_IDENTIFIER = "com.greghughes.Delivery-TipRTests";
				PRODUCT_NAME = "$(TARGET_NAME)";
				SWIFT_VERSION = 5.0;
				TARGETED_DEVICE_FAMILY = "1,2";
				TEST_HOST = "$(BUILT_PRODUCTS_DIR)/Delivery TipR.app/Delivery TipR";
			};
			name = Debug;
		};
		903E2963240C6475001BED71 /* Release */ = {
			isa = XCBuildConfiguration;
			baseConfigurationReference = 8E7E61C6D64CF9308CEB1EF5 /* Pods-Delivery TipRTests.release.xcconfig */;
			buildSettings = {
				ALWAYS_EMBED_SWIFT_STANDARD_LIBRARIES = YES;
				BUNDLE_LOADER = "$(TEST_HOST)";
				CODE_SIGN_STYLE = Automatic;
				DEVELOPMENT_TEAM = 57FTCZV5HS;
				INFOPLIST_FILE = "Delivery TipRTests/Info.plist";
				IPHONEOS_DEPLOYMENT_TARGET = 13.2;
				LD_RUNPATH_SEARCH_PATHS = (
					"$(inherited)",
					"@executable_path/Frameworks",
					"@loader_path/Frameworks",
				);
				PRODUCT_BUNDLE_IDENTIFIER = "com.greghughes.Delivery-TipRTests";
				PRODUCT_NAME = "$(TARGET_NAME)";
				SWIFT_VERSION = 5.0;
				TARGETED_DEVICE_FAMILY = "1,2";
				TEST_HOST = "$(BUILT_PRODUCTS_DIR)/Delivery TipR.app/Delivery TipR";
			};
			name = Release;
		};
/* End XCBuildConfiguration section */

/* Begin XCConfigurationList section */
		903E2937240C6472001BED71 /* Build configuration list for PBXProject "Delivery TipR" */ = {
			isa = XCConfigurationList;
			buildConfigurations = (
				903E295C240C6475001BED71 /* Debug */,
				903E295D240C6475001BED71 /* Release */,
			);
			defaultConfigurationIsVisible = 0;
			defaultConfigurationName = Release;
		};
		903E295E240C6475001BED71 /* Build configuration list for PBXNativeTarget "Delivery TipR" */ = {
			isa = XCConfigurationList;
			buildConfigurations = (
				903E295F240C6475001BED71 /* Debug */,
				903E2960240C6475001BED71 /* Release */,
			);
			defaultConfigurationIsVisible = 0;
			defaultConfigurationName = Release;
		};
		903E2961240C6475001BED71 /* Build configuration list for PBXNativeTarget "Delivery TipRTests" */ = {
			isa = XCConfigurationList;
			buildConfigurations = (
				903E2962240C6475001BED71 /* Debug */,
				903E2963240C6475001BED71 /* Release */,
			);
			defaultConfigurationIsVisible = 0;
			defaultConfigurationName = Release;
		};
/* End XCConfigurationList section */

/* Begin XCVersionGroup section */
		903E2948240C6472001BED71 /* Delivery_TipR.xcdatamodeld */ = {
			isa = XCVersionGroup;
			children = (
				9042176624203B3F00F67287 /* Delivery_TipR 2.xcdatamodel */,
				903E2949240C6472001BED71 /* Delivery_TipR.xcdatamodel */,
			);
			currentVersion = 903E2949240C6472001BED71 /* Delivery_TipR.xcdatamodel */;
			path = Delivery_TipR.xcdatamodeld;
			sourceTree = "<group>";
			versionGroupType = wrapper.xcdatamodel;
		};
/* End XCVersionGroup section */
	};
	rootObject = 903E2934240C6472001BED71 /* Project object */;
}
